
Microsoft Visual Studio Solution File, Format Version 12.00
# Visual Studio 15
VisualStudioVersion = 15.0.27004.2009
MinimumVisualStudioVersion = 10.0.40219.1
Project("{FAE04EC0-301F-11D3-BF4B-00C04F79EFBC}") = "SortVisual", "SortVisual\SortVisual.csproj", "{43CC401B-86FC-4F12-96A8-BDF8A9D25ECF}"
EndProject
Global
	GlobalSection(SolutionConfigurationPlatforms) = preSolution
		Debug|Any CPU = Debug|Any CPU
		Release|Any CPU = Release|Any CPU
	EndGlobalSection
	GlobalSection(ProjectConfigurationPlatforms) = postSolution
		{43CC401B-86FC-4F12-96A8-BDF8A9D25ECF}.Debug|Any CPU.ActiveCfg = Debug|Any CPU
		{43CC401B-86FC-4F12-96A8-BDF8A9D25ECF}.Debug|Any CPU.Build.0 = Debug|Any CPU
		{43CC401B-86FC-4F12-96A8-BDF8A9D25ECF}.Release|Any CPU.ActiveCfg = Release|Any CPU
		{43CC401B-86FC-4F12-96A8-BDF8A9D25ECF}.Release|Any CPU.Build.0 = Release|Any CPU
	EndGlobalSection
	GlobalSection(SolutionProperties) = preSolution
		HideSolutionNode = FALSE
	EndGlobalSection
	GlobalSection(ExtensibilityGlobals) = postSolution
		SolutionGuid = {FC6A1CDA-8656-44FC-9FC0-08A7400A7EB7}
	EndGlobalSection
EndGlobal
